PODS:
  - AMap2DMap (5.6.1):
    - AMapFoundation (~> 1.4)
  - AMapFoundation (1.5.7)
  - AMapLocation (2.6.3):
    - AMapFoundation (~> 1.4)
  - AMapSearch (6.9.0):
    - AMapFoundation (~> 1.4)
  - Flutter (1.0.0)
  - flutter_2d_amap (0.0.1):
    - AMap2DMap
    - AMapLocation
    - AMapSearch
    - Flutter
  - objc_plugin (0.0.1):
    - Flutter
  - swift_plugin (0.0.1):
    - Flutter

DEPENDENCIES:
  - Flutter (from `.symlinks/flutter/ios`)
  - flutter_2d_amap (from `.symlinks/plugins/flutter_2d_amap/ios`)
  - objc_plugin (from `.symlinks/plugins/objc_plugin/ios`)
  - swift_plugin (from `.symlinks/plugins/swift_plugin/ios`)

SPEC REPOS:
  https://github.com/cocoapods/specs.git:
    - AMap2DMap
    - AMapFoundation
    - AMapLocation
    - AMapSearch

EXTERNAL SOURCES:
  Flutter:
    :path: ".symlinks/flutter/ios"
  flutter_2d_amap:
    :path: ".symlinks/plugins/flutter_2d_amap/ios"
  objc_plugin:
    :path: ".symlinks/plugins/objc_plugin/ios"
  swift_plugin:
    :path: ".symlinks/plugins/swift_plugin/ios"

SPEC CHECKSUMS:
  AMap2DMap: cac76bc057de18a1641f34df6b50bf5bc6b23571
  AMapFoundation: 216d58448c80356434ac4332250a8fdb2f5c4d1e
  AMapLocation: dc2c4fde95d72087d73934338160fadc72104bb7
  AMapSearch: af02822537e55b85a4752e9df5c19e4b9da82031
  Flutter: 0e3d915762c693b495b44d77113d4970485de6ec
  flutter_2d_amap: bfb20c01ee3f9b0040e5179b909804ab119b2fe7
  objc_plugin: c09bd3f4737daa31d74d560f756cb23f483b7182
  swift_plugin: 59d44d259b550a14834240b654b2ce12099a103f

PODFILE CHECKSUM: 10ae9c18d12c9ffc2275c9a159a3b1e281990db0

COCOAPODS: 1.7.5
